// !$*UTF8*$!
{
	archiveVersion = 1;
	classes = {
	};
	objectVersion = 77;
	objects = {

/* Begin PBXContainerItemProxy section */
		BC392D7F2E26073E00D4EEEB /* PBXContainerItemProxy */ = {
			isa = PBXContainerItemProxy;
			containerPortal = BC392D602E26073D00D4EEEB /* Project object */;
			proxyType = 1;
			remoteGlobalIDString = BC392D672E26073D00D4EEEB;
			remoteInfo = UIKITClassroom;
		};
		BC392D892E26073E00D4EEEB /* PBXContainerItemProxy */ = {
			isa = PBXContainerItemProxy;
			containerPortal = BC392D602E26073D00D4EEEB /* Project object */;
			proxyType = 1;
			remoteGlobalIDString = BC392D672E26073D00D4EEEB;
			remoteInfo = UIKITClassroom;
		};
/* End PBXContainerItemProxy section */

/* Begin PBXFileReference section */
		BC392D682E26073D00D4EEEB /* UIKITClassroom.app */ = {isa = PBXFileReference; explicitFileType = wrapper.application; includeInIndex = 0; path = UIKITClassroom.app; sourceTree = BUILT_PRODUCTS_DIR; };
		BC392D7E2E26073E00D4EEEB /* UIKITClassroomTests.xctest */ = {isa = PBXFileReference; explicitFileType = wrapper.cfbundle; includeInIndex = 0; path = UIKITClassroomTests.xctest; sourceTree = BUILT_PRODUCTS_DIR; };
		BC392D882E26073E00D4EEEB /* UIKITClassroomUITests.xctest */ = {isa = PBXFileReference; explicitFileType = wrapper.cfbundle; includeInIndex = 0; path = UIKITClassroomUITests.xctest; sourceTree = BUILT_PRODUCTS_DIR; };
/* End PBXFileReference section */

/* Begin PBXFileSystemSynchronizedBuildFileExceptionSet section */
		BC392D902E26073E00D4EEEB /* Exceptions for "UIKITClassroom" folder in "UIKITClassroom" target */ = {
			isa = PBXFileSystemSynchronizedBuildFileExceptionSet;
			membershipExceptions = (
				Info.plist,
			);
			target = BC392D672E26073D00D4EEEB /* UIKITClassroom */;
		};
/* End PBXFileSystemSynchronizedBuildFileExceptionSet section */

/* Begin PBXFileSystemSynchronizedRootGroup section */
		BC392D6A2E26073D00D4EEEB /* UIKITClassroom */ = {
			isa = PBXFileSystemSynchronizedRootGroup;
			exceptions = (
				BC392D902E26073E00D4EEEB /* Exceptions for "UIKITClassroom" folder in "UIKITClassroom" target */,
			);
			path = UIKITClassroom;
			sourceTree = "<group>";
		};
		BC392D812E26073E00D4EEEB /* UIKITClassroomTests */ = {
			isa = PBXFileSystemSynchronizedRootGroup;
			path = UIKITClassroomTests;
			sourceTree = "<group>";
		};
		BC392D8B2E26073E00D4EEEB /* UIKITClassroomUITests */ = {
			isa = PBXFileSystemSynchronizedRootGroup;
			path = UIKITClassroomUITests;
			sourceTree = "<group>";
		};
/* End PBXFileSystemSynchronizedRootGroup section */

/* Begin PBXFrameworksBuildPhase section */
		BC392D652E26073D00D4EEEB /* Frameworks */ = {
			isa = PBXFrameworksBuildPhase;
			buildActionMask = 2147483647;
			files = (
			);
			runOnlyForDeploymentPostprocessing = 0;
		};
		BC392D7B2E26073E00D4EEEB /* Frameworks */ = {
			isa = PBXFrameworksBuildPhase;
			buildActionMask = 2147483647;
			files = (
			);
			runOnlyForDeploymentPostprocessing = 0;
		};
		BC392D852E26073E00D4EEEB /* Frameworks */ = {
			isa = PBXFrameworksBuildPhase;
			buildActionMask = 2147483647;
			files = (
			);
			runOnlyForDeploymentPostprocessing = 0;
		};
/* End PBXFrameworksBuildPhase section */

/* Begin PBXGroup section */
		BC392D5F2E26073D00D4EEEB = {
			isa = PBXGroup;
			children = (
				BC392D6A2E26073D00D4EEEB /* UIKITClassroom */,
				BC392D812E26073E00D4EEEB /* UIKITClassroomTests */,
				BC392D8B2E26073E00D4EEEB /* UIKITClassroomUITests */,
				BC392D692E26073D00D4EEEB /* Products */,
			);
			sourceTree = "<group>";
		};
		BC392D692E26073D00D4EEEB /* Products */ = {
			isa = PBXGroup;
			children = (
				BC392D682E26073D00D4EEEB /* UIKITClassroom.app */,
				BC392D7E2E26073E00D4EEEB /* UIKITClassroomTests.xctest */,
				BC392D882E26073E00D4EEEB /* UIKITClassroomUITests.xctest */,
			);
			name = Products;
			sourceTree = "<group>";
		};
/* End PBXGroup section */

/* Begin PBXNativeTarget section */
		BC392D672E26073D00D4EEEB /* UIKITClassroom */ = {
			isa = PBXNativeTarget;
			buildConfigurationList = BC392D912E26073E00D4EEEB /* Build configuration list for PBXNativeTarget "UIKITClassroom" */;
			buildPhases = (
				BC392D642E26073D00D4EEEB /* Sources */,
				BC392D652E26073D00D4EEEB /* Frameworks */,
				BC392D662E26073D00D4EEEB /* Resources */,
			);
			buildRules = (
			);
			dependencies = (
			);
			fileSystemSynchronizedGroups = (
				BC392D6A2E26073D00D4EEEB /* UIKITClassroom */,
			);
			name = UIKITClassroom;
			packageProductDependencies = (
			);
			productName = UIKITClassroom;
			productReference = BC392D682E26073D00D4EEEB /* UIKITClassroom.app */;
			productType = "com.apple.product-type.application";
		};
		BC392D7D2E26073E00D4EEEB /* UIKITClassroomTests */ = {
			isa = PBXNativeTarget;
			buildConfigurationList = BC392D962E26073E00D4EEEB /* Build configuration list for PBXNativeTarget "UIKITClassroomTests" */;
			buildPhases = (
				BC392D7A2E26073E00D4EEEB /* Sources */,
				BC392D7B2E26073E00D4EEEB /* Frameworks */,
				BC392D7C2E26073E00D4EEEB /* Resources */,
			);
			buildRules = (
			);
			dependencies = (
				BC392D802E26073E00D4EEEB /* PBXTargetDependency */,
			);
			fileSystemSynchronizedGroups = (
				BC392D812E26073E00D4EEEB /* UIKITClassroomTests */,
			);
			name = UIKITClassroomTests;
			packageProductDependencies = (
			);
			productName = UIKITClassroomTests;
			productReference = BC392D7E2E26073E00D4EEEB /* UIKITClassroomTests.xctest */;
			productType = "com.apple.product-type.bundle.unit-test";
		};
		BC392D872E26073E00D4EEEB /* UIKITClassroomUITests */ = {
			isa = PBXNativeTarget;
			buildConfigurationList = BC392D992E26073E00D4EEEB /* Build configuration list for PBXNativeTarget "UIKITClassroomUITests" */;
			buildPhases = (
				BC392D842E26073E00D4EEEB /* Sources */,
				BC392D852E26073E00D4EEEB /* Frameworks */,
				BC392D862E26073E00D4EEEB /* Resources */,
			);
			buildRules = (
			);
			dependencies = (
				BC392D8A2E26073E00D4EEEB /* PBXTargetDependency */,
			);
			fileSystemSynchronizedGroups = (
				BC392D8B2E26073E00D4EEEB /* UIKITClassroomUITests */,
			);
			name = UIKITClassroomUITests;
			packageProductDependencies = (
			);
			productName = UIKITClassroomUITests;
			productReference = BC392D882E26073E00D4EEEB /* UIKITClassroomUITests.xctest */;
			productType = "com.apple.product-type.bundle.ui-testing";
		};
/* End PBXNativeTarget section */

/* Begin PBXProject section */
		BC392D602E26073D00D4EEEB /* Project object */ = {
			isa = PBXProject;
			attributes = {
				BuildIndependentTargetsInParallel = 1;
				LastSwiftUpdateCheck = 1640;
				LastUpgradeCheck = 1640;
				TargetAttributes = {
					BC392D672E26073D00D4EEEB = {
						CreatedOnToolsVersion = 16.4;
					};
					BC392D7D2E26073E00D4EEEB = {
						CreatedOnToolsVersion = 16.4;
						TestTargetID = BC392D672E26073D00D4EEEB;
					};
					BC392D872E26073E00D4EEEB = {
						CreatedOnToolsVersion = 16.4;
						TestTargetID = BC392D672E26073D00D4EEEB;
					};
				};
			};
			buildConfigurationList = BC392D632E26073D00D4EEEB /* Build configuration list for PBXProject "UIKITClassroom" */;
			developmentRegion = en;
			hasScannedForEncodings = 0;
			knownRegions = (
				en,
				Base,
			);
			mainGroup = BC392D5F2E26073D00D4EEEB;
			minimizedProjectReferenceProxies = 1;
			preferredProjectObjectVersion = 77;
			productRefGroup = BC392D692E26073D00D4EEEB /* Products */;
			projectDirPath = "";
			projectRoot = "";
			targets = (
				BC392D672E26073D00D4EEEB /* UIKITClassroom */,
				BC392D7D2E26073E00D4EEEB /* UIKITClassroomTests */,
				BC392D872E26073E00D4EEEB /* UIKITClassroomUITests */,
			);
		};
/* End PBXProject section */

/* Begin PBXResourcesBuildPhase section */
		BC392D662E26073D00D4EEEB /* Resources */ = {
			isa = PBXResourcesBuildPhase;
			buildActionMask = 2147483647;
			files = (
			);
			runOnlyForDeploymentPostprocessing = 0;
		};
		BC392D7C2E26073E00D4EEEB /* Resources */ = {
			isa = PBXResourcesBuildPhase;
			buildActionMask = 2147483647;
			files = (
			);
			runOnlyForDeploymentPostprocessing = 0;
		};
		BC392D862E26073E00D4EEEB /* Resources */ = {
			isa = PBXResourcesBuildPhase;
			buildActionMask = 2147483647;
			files = (
			);
			runOnlyForDeploymentPostprocessing = 0;
		};
/* End PBXResourcesBuildPhase section */

/* Begin PBXSourcesBuildPhase section */
		BC392D642E26073D00D4EEEB /* Sources */ = {
			isa = PBXSourcesBuildPhase;
			buildActionMask = 2147483647;
			files = (
			);
			runOnlyForDeploymentPostprocessing = 0;
		};
		BC392D7A2E26073E00D4EEEB /* Sources */ = {
			isa = PBXSourcesBuildPhase;
			buildActionMask = 2147483647;
			files = (
			);
			runOnlyForDeploymentPostprocessing = 0;
		};
		BC392D842E26073E00D4EEEB /* Sources */ = {
			isa = PBXSourcesBuildPhase;
			buildActionMask = 2147483647;
			files = (
			);
			runOnlyForDeploymentPostprocessing = 0;
		};
/* End PBXSourcesBuildPhase section */

/* Begin PBXTargetDependency section */
		BC392D802E26073E00D4EEEB /* PBXTargetDependency */ = {
			isa = PBXTargetDependency;
			target = BC392D672E26073D00D4EEEB /* UIKITClassroom */;
			targetProxy = BC392D7F2E26073E00D4EEEB /* PBXContainerItemProxy */;
		};
		BC392D8A2E26073E00D4EEEB /* PBXTargetDependency */ = {
			isa = PBXTargetDependency;
			target = BC392D672E26073D00D4EEEB /* UIKITClassroom */;
			targetProxy = BC392D892E26073E00D4EEEB /* PBXContainerItemProxy */;
		};
/* End PBXTargetDependency section */

/* Begin XCBuildConfiguration section */
		BC392D922E26073E00D4EEEB /* Debug */ = {
			isa = XCBuildConfiguration;
			buildSettings = {
				ASSETCATALOG_COMPILER_APPICON_NAME = AppIcon;
				ASSETCATALOG_COMPILER_GLOBAL_ACCENT_COLOR_NAME = AccentColor;
				CODE_SIGN_STYLE = Automatic;
				CURRENT_PROJECT_VERSION = 1;
				GENERATE_INFOPLIST_FILE = YES;
				INFOPLIST_FILE = UIKITClassroom/Info.plist;
				INFOPLIST_KEY_UIApplicationSupportsIndirectInputEvents = YES;
				INFOPLIST_KEY_UILaunchStoryboardName = LaunchScreen;
				INFOPLIST_KEY_UIMainStoryboardFile = Main;
				INFOPLIST_KEY_UISupportedInterfaceOrientations_iPad = "UIInterfaceOrientationPortrait UIInterfaceOrientationPortraitUpsideDown UIInterfaceOrientationLandscapeLeft UIInterfaceOrientationLandscapeRight";
				INFOPLIST_KEY_UISupportedInterfaceOrientations_iPhone = "UIInterfaceOrientationPortrait UIInterfaceOrientationLandscapeLeft UIInterfaceOrientationLandscapeRight";
				LD_RUNPATH_SEARCH_PATHS = (
					"$(inherited)",
					"@executable_path/Frameworks",
				);
				MARKETING_VERSION = 1.0;
				PRODUCT_BUNDLE_IDENTIFIER = Ankit.UIKITClassroom;
				PRODUCT_NAME = "$(TARGET_NAME)";
				SWIFT_EMIT_LOC_STRINGS = YES;
				SWIFT_VERSION = 5.0;
				TARGETED_DEVICE_FAMILY = "1,2";
			};
			name = Debug;
		};
		BC392D932E26073E00D4EEEB /* Release */ = {
			isa = XCBuildConfiguration;
			buildSettings = {
				ASSETCATALOG_COMPILER_APPICON_NAME = AppIcon;
				ASSETCATALOG_COMPILER_GLOBAL_ACCENT_COLOR_NAME = AccentColor;
				CODE_SIGN_STYLE = Automatic;
				CURRENT_PROJECT_VERSION = 1;
				GENERATE_INFOPLIST_FILE = YES;
				INFOPLIST_FILE = UIKITClassroom/Info.plist;
				INFOPLIST_KEY_UIApplicationSupportsIndirectInputEvents = YES;
				INFOPLIST_KEY_UILaunchStoryboardName = LaunchScreen;
				INFOPLIST_KEY_UIMainStoryboardFile = Main;
				INFOPLIST_KEY_UISupportedInterfaceOrientations_iPad = "UIInterfaceOrientationPortrait UIInterfaceOrientationPortraitUpsideDown UIInterfaceOrientationLandscapeLeft UIInterfaceOrientationLandscapeRight";
				INFOPLIST_KEY_UISupportedInterfaceOrientations_iPhone = "UIInterfaceOrientationPortrait UIInterfaceOrientationLandscapeLeft UIInterfaceOrientationLandscapeRight";
				LD_RUNPATH_SEARCH_PATHS = (
					"$(inherited)",
					"@executable_path/Frameworks",
				);
				MARKETING_VERSION = 1.0;
				PRODUCT_BUNDLE_IDENTIFIER = Ankit.UIKITClassroom;
				PRODUCT_NAME = "$(TARGET_NAME)";
				SWIFT_EMIT_LOC_STRINGS = YES;
				SWIFT_VERSION = 5.0;
				TARGETED_DEVICE_FAMILY = "1,2";
			};
			name = Release;
		};
		BC392D942E26073E00D4EEEB /* Debug */ = {
			isa = XCBuildConfiguration;
			buildSettings = {
				ALWAYS_SEARCH_USER_PATHS = NO;
				ASSETCATALOG_COMPILER_GENERATE_SWIFT_ASSET_SYMBOL_EXTENSIONS = YES;
				CLANG_ANALYZER_NONNULL = YES;
				CLANG_ANALYZER_NUMBER_OBJECT_CONVERSION = YES_AGGRESSIVE;
				CLANG_CXX_LANGUAGE_STANDARD = "gnu++20";
				CLANG_ENABLE_MODULES = YES;
				CLANG_ENABLE_OBJC_ARC = YES;
				CLANG_ENABLE_OBJC_WEAK = YES;
				CLANG_WARN_BLOCK_CAPTURE_AUTORELEASING = YES;
				CLANG_WARN_BOOL_CONVERSION = YES;
				CLANG_WARN_COMMA = YES;
				CLANG_WARN_CONSTANT_CONVERSION = YES;
				CLANG_WARN_DEPRECATED_OBJC_IMPLEMENTATIONS = YES;
				CLANG_WARN_DIRECT_OBJC_ISA_USAGE = YES_ERROR;
				CLANG_WARN_DOCUMENTATION_COMMENTS = YES;
				CLANG_WARN_EMPTY_BODY = YES;
				CLANG_WARN_ENUM_CONVERSION = YES;
				CLANG_WARN_INFINITE_RECURSION = YES;
				CLANG_WARN_INT_CONVERSION = YES;
				CLANG_WARN_NON_LITERAL_NULL_CONVERSION = YES;
				CLANG_WARN_OBJC_IMPLICIT_RETAIN_SELF = YES;
				CLANG_WARN_OBJC_LITERAL_CONVERSION = YES;
				CLANG_WARN_OBJC_ROOT_CLASS = YES_ERROR;
				CLANG_WARN_QUOTED_INCLUDE_IN_FRAMEWORK_HEADER = YES;
				CLANG_WARN_RANGE_LOOP_ANALYSIS = YES;
				CLANG_WARN_STRICT_PROTOTYPES = YES;
				CLANG_WARN_SUSPICIOUS_MOVE = YES;
				CLANG_WARN_UNGUARDED_AVAILABILITY = YES_AGGRESSIVE;
				CLANG_WARN_UNREACHABLE_CODE = YES;
				CLANG_WARN__DUPLICATE_METHOD_MATCH = YES;
				COPY_PHASE_STRIP = NO;
				DEBUG_INFORMATION_FORMAT = dwarf;
				ENABLE_STRICT_OBJC_MSGSEND = YES;
				ENABLE_TESTABILITY = YES;
				ENABLE_USER_SCRIPT_SANDBOXING = YES;
				GCC_C_LANGUAGE_STANDARD = gnu17;
				GCC_DYNAMIC_NO_PIC = NO;
				GCC_NO_COMMON_BLOCKS = YES;
				GCC_OPTIMIZATION_LEVEL = 0;
				GCC_PREPROCESSOR_DEFINITIONS = (
					"DEBUG=1",
					"$(inherited)",
				);
				GCC_WARN_64_TO_32_BIT_CONVERSION = YES;
				GCC_WARN_ABOUT_RETURN_TYPE = YES_ERROR;
				GCC_WARN_UNDECLARED_SELECTOR = YES;
				GCC_WARN_UNINITIALIZED_AUTOS = YES_AGGRESSIVE;
				GCC_WARN_UNUSED_FUNCTION = YES;
				GCC_WARN_UNUSED_VARIABLE = YES;
				IPHONEOS_DEPLOYMENT_TARGET = 18.5;
				LOCALIZATION_PREFERS_STRING_CATALOGS = YES;
				MTL_ENABLE_DEBUG_INFO = INCLUDE_SOURCE;
				MTL_FAST_MATH = YES;
				ONLY_ACTIVE_ARCH = YES;
				SDKROOT = iphoneos;
				SWIFT_ACTIVE_COMPILATION_CONDITIONS = "DEBUG $(inherited)";
				SWIFT_OPTIMIZATION_LEVEL = "-Onone";
			};
			name = Debug;
		};
		BC392D952E26073E00D4EEEB /* Release */ = {
			isa = XCBuildConfiguration;
			buildSettings = {
				ALWAYS_SEARCH_USER_PATHS = NO;
				ASSETCATALOG_COMPILER_GENERATE_SWIFT_ASSET_SYMBOL_EXTENSIONS = YES;
				CLANG_ANALYZER_NONNULL = YES;
				CLANG_ANALYZER_NUMBER_OBJECT_CONVERSION = YES_AGGRESSIVE;
				CLANG_CXX_LANGUAGE_STANDARD = "gnu++20";
				CLANG_ENABLE_MODULES = YES;
				CLANG_ENABLE_OBJC_ARC = YES;
				CLANG_ENABLE_OBJC_WEAK = YES;
				CLANG_WARN_BLOCK_CAPTURE_AUTORELEASING = YES;
				CLANG_WARN_BOOL_CONVERSION = YES;
				CLANG_WARN_COMMA = YES;
				CLANG_WARN_CONSTANT_CONVERSION = YES;
				CLANG_WARN_DEPRECATED_OBJC_IMPLEMENTATIONS = YES;
				CLANG_WARN_DIRECT_OBJC_ISA_USAGE = YES_ERROR;
				CLANG_WARN_DOCUMENTATION_COMMENTS = YES;
				CLANG_WARN_EMPTY_BODY = YES;
				CLANG_WARN_ENUM_CONVERSION = YES;
				CLANG_WARN_INFINITE_RECURSION = YES;
				CLANG_WARN_INT_CONVERSION = YES;
				CLANG_WARN_NON_LITERAL_NULL_CONVERSION = YES;
				CLANG_WARN_OBJC_IMPLICIT_RETAIN_SELF = YES;
				CLANG_WARN_OBJC_LITERAL_CONVERSION = YES;
				CLANG_WARN_OBJC_ROOT_CLASS = YES_ERROR;
				CLANG_WARN_QUOTED_INCLUDE_IN_FRAMEWORK_HEADER = YES;
				CLANG_WARN_RANGE_LOOP_ANALYSIS = YES;
				CLANG_WARN_STRICT_PROTOTYPES = YES;
				CLANG_WARN_SUSPICIOUS_MOVE = YES;
				CLANG_WARN_UNGUARDED_AVAILABILITY = YES_AGGRESSIVE;
				CLANG_WARN_UNREACHABLE_CODE = YES;
				CLANG_WARN__DUPLICATE_METHOD_MATCH = YES;
				COPY_PHASE_STRIP = NO;
				DEBUG_INFORMATION_FORMAT = "dwarf-with-dsym";
				ENABLE_NS_ASSERTIONS = NO;
				ENABLE_STRICT_OBJC_MSGSEND = YES;
				ENABLE_USER_SCRIPT_SANDBOXING = YES;
				GCC_C_LANGUAGE_STANDARD = gnu17;
				GCC_NO_COMMON_BLOCKS = YES;
				GCC_WARN_64_TO_32_BIT_CONVERSION = YES;
				GCC_WARN_ABOUT_RETURN_TYPE = YES_ERROR;
				GCC_WARN_UNDECLARED_SELECTOR = YES;
				GCC_WARN_UNINITIALIZED_AUTOS = YES_AGGRESSIVE;
				GCC_WARN_UNUSED_FUNCTION = YES;
				GCC_WARN_UNUSED_VARIABLE = YES;
				IPHONEOS_DEPLOYMENT_TARGET = 18.5;
				LOCALIZATION_PREFERS_STRING_CATALOGS = YES;
				MTL_ENABLE_DEBUG_INFO = NO;
				MTL_FAST_MATH = YES;
				SDKROOT = iphoneos;
				SWIFT_COMPILATION_MODE = wholemodule;
				VALIDATE_PRODUCT = YES;
			};
			name = Release;
		};
		BC392D972E26073E00D4EEEB /* Debug */ = {
			isa = XCBuildConfiguration;
			buildSettings = {
				BUNDLE_LOADER = "$(TEST_HOST)";
				CODE_SIGN_STYLE = Automatic;
				CURRENT_PROJECT_VERSION = 1;
				GENERATE_INFOPLIST_FILE = YES;
				IPHONEOS_DEPLOYMENT_TARGET = 18.5;
				MARKETING_VERSION = 1.0;
				PRODUCT_BUNDLE_IDENTIFIER = Ankit.UIKITClassroomTests;
				PRODUCT_NAME = "$(TARGET_NAME)";
				SWIFT_EMIT_LOC_STRINGS = NO;
				SWIFT_VERSION = 5.0;
				TARGETED_DEVICE_FAMILY = "1,2";
				TEST_HOST = "$(BUILT_PRODUCTS_DIR)/UIKITClassroom.app/$(BUNDLE_EXECUTABLE_FOLDER_PATH)/UIKITClassroom";
			};
			name = Debug;
		};
		BC392D982E26073E00D4EEEB /* Release */ = {
			isa = XCBuildConfiguration;
			buildSettings = {
				BUNDLE_LOADER = "$(TEST_HOST)";
				CODE_SIGN_STYLE = Automatic;
				CURRENT_PROJECT_VERSION = 1;
				GENERATE_INFOPLIST_FILE = YES;
				IPHONEOS_DEPLOYMENT_TARGET = 18.5;
				MARKETING_VERSION = 1.0;
				PRODUCT_BUNDLE_IDENTIFIER = Ankit.UIKITClassroomTests;
				PRODUCT_NAME = "$(TARGET_NAME)";
				SWIFT_EMIT_LOC_STRINGS = NO;
				SWIFT_VERSION = 5.0;
				TARGETED_DEVICE_FAMILY = "1,2";
				TEST_HOST = "$(BUILT_PRODUCTS_DIR)/UIKITClassroom.app/$(BUNDLE_EXECUTABLE_FOLDER_PATH)/UIKITClassroom";
			};
			name = Release;
		};
		BC392D9A2E26073E00D4EEEB /* Debug */ = {
			isa = XCBuildConfiguration;
			buildSettings = {
				CODE_SIGN_STYLE = Automatic;
				CURRENT_PROJECT_VERSION = 1;
				GENERATE_INFOPLIST_FILE = YES;
				MARKETING_VERSION = 1.0;
				PRODUCT_BUNDLE_IDENTIFIER = Ankit.UIKITClassroomUITests;
				PRODUCT_NAME = "$(TARGET_NAME)";
				SWIFT_EMIT_LOC_STRINGS = NO;
				SWIFT_VERSION = 5.0;
				TARGETED_DEVICE_FAMILY = "1,2";
				TEST_TARGET_NAME = UIKITClassroom;
			};
			name = Debug;
		};
		BC392D9B2E26073E00D4EEEB /* Release */ = {
			isa = XCBuildConfiguration;
			buildSettings = {
				CODE_SIGN_STYLE = Automatic;
				CURRENT_PROJECT_VERSION = 1;
				GENERATE_INFOPLIST_FILE = YES;
				MARKETING_VERSION = 1.0;
				PRODUCT_BUNDLE_IDENTIFIER = Ankit.UIKITClassroomUITests;
				PRODUCT_NAME = "$(TARGET_NAME)";
				SWIFT_EMIT_LOC_STRINGS = NO;
				SWIFT_VERSION = 5.0;
				TARGETED_DEVICE_FAMILY = "1,2";
				TEST_TARGET_NAME = UIKITClassroom;
			};
			name = Release;
		};
/* End XCBuildConfiguration section */

/* Begin XCConfigurationList section */
		BC392D632E26073D00D4EEEB /* Build configuration list for PBXProject "UIKITClassroom" */ = {
			isa = XCConfigurationList;
			buildConfigurations = (
				BC392D942E26073E00D4EEEB /* Debug */,
				BC392D952E26073E00D4EEEB /* Release */,
			);
			defaultConfigurationIsVisible = 0;
			defaultConfigurationName = Release;
		};
		BC392D912E26073E00D4EEEB /* Build configuration list for PBXNativeTarget "UIKITClassroom" */ = {
			isa = XCConfigurationList;
			buildConfigurations = (
				BC392D922E26073E00D4EEEB /* Debug */,
				BC392D932E26073E00D4EEEB /* Release */,
			);
			defaultConfigurationIsVisible = 0;
			defaultConfigurationName = Release;
		};
		BC392D962E26073E00D4EEEB /* Build configuration list for PBXNativeTarget "UIKITClassroomTests" */ = {
			isa = XCConfigurationList;
			buildConfigurations = (
				BC392D972E26073E00D4EEEB /* Debug */,
				BC392D982E26073E00D4EEEB /* Release */,
			);
			defaultConfigurationIsVisible = 0;
			defaultConfigurationName = Release;
		};
		BC392D992E26073E00D4EEEB /* Build configuration list for PBXNativeTarget "UIKITClassroomUITests" */ = {
			isa = XCConfigurationList;
			buildConfigurations = (
				BC392D9A2E26073E00D4EEEB /* Debug */,
				BC392D9B2E26073E00D4EEEB /* Release */,
			);
			defaultConfigurationIsVisible = 0;
			defaultConfigurationName = Release;
		};
/* End XCConfigurationList section */
	};
	rootObject = BC392D602E26073D00D4EEEB /* Project object */;
}
